
Microsoft Visual Studio Solution File, Format Version 12.00
# Visual Studio 15
VisualStudioVersion = 15.0.28307.168
MinimumVisualStudioVersion = 10.0.40219.1
Project("{8BC9CEB8-8B4A-11D0-8D11-00A0C91BC942}") = "college_140", "Section_12\Section_12.vcxproj", "{C72611E2-2A50-4FC2-9CA6-8F7CBBD3D070}"
EndProject
Project("{8BC9CEB8-8B4A-11D0-8D11-00A0C91BC942}") = "college_141", "Project1\Project1.vcxproj", "{BF4F6F38-49EE-4381-A23B-6A8D1DFA9F83}"
EndProject
Project("{8BC9CEB8-8B4A-11D0-8D11-00A0C91BC942}") = "college_142", "college_142\college_142.vcxproj", "{55811BDC-BECC-46A4-9101-713979EB9903}"
EndProject
Global
	GlobalSection(SolutionConfigurationPlatforms) = preSolution
		Debug|x64 = Debug|x64
		Debug|x86 = Debug|x86
		Release|x64 = Release|x64
		Release|x86 = Release|x86
	EndGlobalSection
	GlobalSection(ProjectConfigurationPlatforms) = postSolution
		{C72611E2-2A50-4FC2-9CA6-8F7CBBD3D070}.Debug|x64.ActiveCfg = Debug|x64
		{C72611E2-2A50-4FC2-9CA6-8F7CBBD3D070}.Debug|x64.Build.0 = Debug|x64
		{C72611E2-2A50-4FC2-9CA6-8F7CBBD3D070}.Debug|x86.ActiveCfg = Debug|Win32
		{C72611E2-2A50-4FC2-9CA6-8F7CBBD3D070}.Debug|x86.Build.0 = Debug|Win32
		{C72611E2-2A50-4FC2-9CA6-8F7CBBD3D070}.Release|x64.ActiveCfg = Release|x64
		{C72611E2-2A50-4FC2-9CA6-8F7CBBD3D070}.Release|x64.Build.0 = Release|x64
		{C72611E2-2A50-4FC2-9CA6-8F7CBBD3D070}.Release|x86.ActiveCfg = Release|Win32
		{C72611E2-2A50-4FC2-9CA6-8F7CBBD3D070}.Release|x86.Build.0 = Release|Win32
		{BF4F6F38-49EE-4381-A23B-6A8D1DFA9F83}.Debug|x64.ActiveCfg = Debug|x64
		{BF4F6F38-49EE-4381-A23B-6A8D1DFA9F83}.Debug|x64.Build.0 = Debug|x64
		{BF4F6F38-49EE-4381-A23B-6A8D1DFA9F83}.Debug|x86.ActiveCfg = Debug|Win32
		{BF4F6F38-49EE-4381-A23B-6A8D1DFA9F83}.Debug|x86.Build.0 = Debug|Win32
		{BF4F6F38-49EE-4381-A23B-6A8D1DFA9F83}.Release|x64.ActiveCfg = Release|x64
		{BF4F6F38-49EE-4381-A23B-6A8D1DFA9F83}.Release|x64.Build.0 = Release|x64
		{BF4F6F38-49EE-4381-A23B-6A8D1DFA9F83}.Release|x86.ActiveCfg = Release|Win32
		{BF4F6F38-49EE-4381-A23B-6A8D1DFA9F83}.Release|x86.Build.0 = Release|Win32
		{55811BDC-BECC-46A4-9101-713979EB9903}.Debug|x64.ActiveCfg = Debug|x64
		{55811BDC-BECC-46A4-9101-713979EB9903}.Debug|x64.Build.0 = Debug|x64
		{55811BDC-BECC-46A4-9101-713979EB9903}.Debug|x86.ActiveCfg = Debug|Win32
		{55811BDC-BECC-46A4-9101-713979EB9903}.Debug|x86.Build.0 = Debug|Win32
		{55811BDC-BECC-46A4-9101-713979EB9903}.Release|x64.ActiveCfg = Release|x64
		{55811BDC-BECC-46A4-9101-713979EB9903}.Release|x64.Build.0 = Release|x64
		{55811BDC-BECC-46A4-9101-713979EB9903}.Release|x86.ActiveCfg = Release|Win32
		{55811BDC-BECC-46A4-9101-713979EB9903}.Release|x86.Build.0 = Release|Win32
	EndGlobalSection
	GlobalSection(SolutionProperties) = preSolution
		HideSolutionNode = FALSE
	EndGlobalSection
	GlobalSection(ExtensibilityGlobals) = postSolution
		SolutionGuid = {2C41D550-4CDF-443B-880B-8FA9BFD07C65}
	EndGlobalSection
EndGlobal
